
Microsoft Visual Studio Solution File, Format Version 12.00
# Visual Studio Version 17
VisualStudioVersion = 17.7.34031.279
MinimumVisualStudioVersion = 10.0.40219.1
Project("{FAE04EC0-301F-11D3-BF4B-00C04F79EFBC}") = "Exercise1", "ConorKoritorOODLab2\Exercise1.csproj", "{9781EB61-9681-493E-8FB6-FD0920A88B59}"
EndProject
Project("{FAE04EC0-301F-11D3-BF4B-00C04F79EFBC}") = "Exercise2", "Exercise2\Exercise2.csproj", "{6C1B239D-0C83-49CF-A622-81113E9196CE}"
EndProject
Project("{FAE04EC0-301F-11D3-BF4B-00C04F79EFBC}") = "Exercise3", "Exercise3\Exercise3.csproj", "{B9BD5475-6B7E-4288-BAE2-F38BABC184D8}"
EndProject
Project("{FAE04EC0-301F-11D3-BF4B-00C04F79EFBC}") = "Exercise4", "Exercise4\Exercise4.csproj", "{DBD85D95-AA1D-42BC-87B6-9006A8E5B3C9}"
EndProject
Project("{FAE04EC0-301F-11D3-BF4B-00C04F79EFBC}") = "Exercise5", "Exercise5\Exercise5.csproj", "{F81B3F55-CFAB-4440-8884-D9C9AD190AC0}"
EndProject
Project("{FAE04EC0-301F-11D3-BF4B-00C04F79EFBC}") = "Exercise6", "Exercise6\Exercise6.csproj", "{660D0B18-3331-4BB3-8212-B8AA4A2B68A5}"
EndProject
Project("{FAE04EC0-301F-11D3-BF4B-00C04F79EFBC}") = "Exercise7", "Exercise7\Exercise7.csproj", "{BEC12DED-990D-4EB2-907B-60343F65FDC9}"
EndProject
Project("{FAE04EC0-301F-11D3-BF4B-00C04F79EFBC}") = "Exercise8", "Exercise8\Exercise8.csproj", "{D5539FE5-DCFD-402E-8993-9C4ECA011F61}"
EndProject
Project("{FAE04EC0-301F-11D3-BF4B-00C04F79EFBC}") = "Exercise9", "Exercise9\Exercise9.csproj", "{1425AADF-8DF1-4C4A-A38B-9C630715BE25}"
EndProject
Project("{FAE04EC0-301F-11D3-BF4B-00C04F79EFBC}") = "Exercise10", "Exercise10\Exercise10.csproj", "{3F807F2F-FC20-4E50-BB64-07590CA02182}"
EndProject
Project("{FAE04EC0-301F-11D3-BF4B-00C04F79EFBC}") = "Exercise11", "Exercise11\Exercise11.csproj", "{063007EC-7097-400E-AB70-55981D18B475}"
EndProject
Project("{FAE04EC0-301F-11D3-BF4B-00C04F79EFBC}") = "Exercise12", "Exercise12\Exercise12.csproj", "{D4D7C926-DA19-416D-A9A9-2396BA90F1B3}"
EndProject
Global
	GlobalSection(SolutionConfigurationPlatforms) = preSolution
		Debug|Any CPU = Debug|Any CPU
		Release|Any CPU = Release|Any CPU
	EndGlobalSection
	GlobalSection(ProjectConfigurationPlatforms) = postSolution
		{9781EB61-9681-493E-8FB6-FD0920A88B59}.Debug|Any CPU.ActiveCfg = Debug|Any CPU
		{9781EB61-9681-493E-8FB6-FD0920A88B59}.Debug|Any CPU.Build.0 = Debug|Any CPU
		{9781EB61-9681-493E-8FB6-FD0920A88B59}.Release|Any CPU.ActiveCfg = Release|Any CPU
		{9781EB61-9681-493E-8FB6-FD0920A88B59}.Release|Any CPU.Build.0 = Release|Any CPU
		{6C1B239D-0C83-49CF-A622-81113E9196CE}.Debug|Any CPU.ActiveCfg = Debug|Any CPU
		{6C1B239D-0C83-49CF-A622-81113E9196CE}.Debug|Any CPU.Build.0 = Debug|Any CPU
		{6C1B239D-0C83-49CF-A622-81113E9196CE}.Release|Any CPU.ActiveCfg = Release|Any CPU
		{6C1B239D-0C83-49CF-A622-81113E9196CE}.Release|Any CPU.Build.0 = Release|Any CPU
		{B9BD5475-6B7E-4288-BAE2-F38BABC184D8}.Debug|Any CPU.ActiveCfg = Debug|Any CPU
		{B9BD5475-6B7E-4288-BAE2-F38BABC184D8}.Debug|Any CPU.Build.0 = Debug|Any CPU
		{B9BD5475-6B7E-4288-BAE2-F38BABC184D8}.Release|Any CPU.ActiveCfg = Release|Any CPU
		{B9BD5475-6B7E-4288-BAE2-F38BABC184D8}.Release|Any CPU.Build.0 = Release|Any CPU
		{DBD85D95-AA1D-42BC-87B6-9006A8E5B3C9}.Debug|Any CPU.ActiveCfg = Debug|Any CPU
		{DBD85D95-AA1D-42BC-87B6-9006A8E5B3C9}.Debug|Any CPU.Build.0 = Debug|Any CPU
		{DBD85D95-AA1D-42BC-87B6-9006A8E5B3C9}.Release|Any CPU.ActiveCfg = Release|Any CPU
		{DBD85D95-AA1D-42BC-87B6-9006A8E5B3C9}.Release|Any CPU.Build.0 = Release|Any CPU
		{F81B3F55-CFAB-4440-8884-D9C9AD190AC0}.Debug|Any CPU.ActiveCfg = Debug|Any CPU
		{F81B3F55-CFAB-4440-8884-D9C9AD190AC0}.Debug|Any CPU.Build.0 = Debug|Any CPU
		{F81B3F55-CFAB-4440-8884-D9C9AD190AC0}.Release|Any CPU.ActiveCfg = Release|Any CPU
		{F81B3F55-CFAB-4440-8884-D9C9AD190AC0}.Release|Any CPU.Build.0 = Release|Any CPU
		{660D0B18-3331-4BB3-8212-B8AA4A2B68A5}.Debug|Any CPU.ActiveCfg = Debug|Any CPU
		{660D0B18-3331-4BB3-8212-B8AA4A2B68A5}.Debug|Any CPU.Build.0 = Debug|Any CPU
		{660D0B18-3331-4BB3-8212-B8AA4A2B68A5}.Release|Any CPU.ActiveCfg = Release|Any CPU
		{660D0B18-3331-4BB3-8212-B8AA4A2B68A5}.Release|Any CPU.Build.0 = Release|Any CPU
		{BEC12DED-990D-4EB2-907B-60343F65FDC9}.Debug|Any CPU.ActiveCfg = Debug|Any CPU
		{BEC12DED-990D-4EB2-907B-60343F65FDC9}.Debug|Any CPU.Build.0 = Debug|Any CPU
		{BEC12DED-990D-4EB2-907B-60343F65FDC9}.Release|Any CPU.ActiveCfg = Release|Any CPU
		{BEC12DED-990D-4EB2-907B-60343F65FDC9}.Release|Any CPU.Build.0 = Release|Any CPU
		{D5539FE5-DCFD-402E-8993-9C4ECA011F61}.Debug|Any CPU.ActiveCfg = Debug|Any CPU
		{D5539FE5-DCFD-402E-8993-9C4ECA011F61}.Debug|Any CPU.Build.0 = Debug|Any CPU
		{D5539FE5-DCFD-402E-8993-9C4ECA011F61}.Release|Any CPU.ActiveCfg = Release|Any CPU
		{D5539FE5-DCFD-402E-8993-9C4ECA011F61}.Release|Any CPU.Build.0 = Release|Any CPU
		{1425AADF-8DF1-4C4A-A38B-9C630715BE25}.Debug|Any CPU.ActiveCfg = Debug|Any CPU
		{1425AADF-8DF1-4C4A-A38B-9C630715BE25}.Debug|Any CPU.Build.0 = Debug|Any CPU
		{1425AADF-8DF1-4C4A-A38B-9C630715BE25}.Release|Any CPU.ActiveCfg = Release|Any CPU
		{1425AADF-8DF1-4C4A-A38B-9C630715BE25}.Release|Any CPU.Build.0 = Release|Any CPU
		{3F807F2F-FC20-4E50-BB64-07590CA02182}.Debug|Any CPU.ActiveCfg = Debug|Any CPU
		{3F807F2F-FC20-4E50-BB64-07590CA02182}.Debug|Any CPU.Build.0 = Debug|Any CPU
		{3F807F2F-FC20-4E50-BB64-07590CA02182}.Release|Any CPU.ActiveCfg = Release|Any CPU
		{3F807F2F-FC20-4E50-BB64-07590CA02182}.Release|Any CPU.Build.0 = Release|Any CPU
		{063007EC-7097-400E-AB70-55981D18B475}.Debug|Any CPU.ActiveCfg = Debug|Any CPU
		{063007EC-7097-400E-AB70-55981D18B475}.Debug|Any CPU.Build.0 = Debug|Any CPU
		{063007EC-7097-400E-AB70-55981D18B475}.Release|Any CPU.ActiveCfg = Release|Any CPU
		{063007EC-7097-400E-AB70-55981D18B475}.Release|Any CPU.Build.0 = Release|Any CPU
		{D4D7C926-DA19-416D-A9A9-2396BA90F1B3}.Debug|Any CPU.ActiveCfg = Debug|Any CPU
		{D4D7C926-DA19-416D-A9A9-2396BA90F1B3}.Debug|Any CPU.Build.0 = Debug|Any CPU
		{D4D7C926-DA19-416D-A9A9-2396BA90F1B3}.Release|Any CPU.ActiveCfg = Release|Any CPU
		{D4D7C926-DA19-416D-A9A9-2396BA90F1B3}.Release|Any CPU.Build.0 = Release|Any CPU
	EndGlobalSection
	GlobalSection(SolutionProperties) = preSolution
		HideSolutionNode = FALSE
	EndGlobalSection
	GlobalSection(ExtensibilityGlobals) = postSolution
		SolutionGuid = {4D5FB540-2256-458D-AE8C-EE6F10FA3594}
	EndGlobalSection
EndGlobal
